
Microsoft Visual Studio Solution File, Format Version 12.00
# Visual Studio Version 17
VisualStudioVersion = 17.14.36705.20
MinimumVisualStudioVersion = 10.0.40219.1
Project("{FAE04EC0-301F-11D3-BF4B-00C04F79EFBC}") = "ShapesApp", "ShapesApp\ShapesApp.csproj", "{A10B8C03-3D34-4814-B4B6-AD25C8B991D1}"
EndProject
Project("{FAE04EC0-301F-11D3-BF4B-00C04F79EFBC}") = "Geometry", "..\GeometryLib\GeometryLib\Geometry.csproj", "{591BDA56-9185-A701-8067-16DBE14A089C}"
EndProject
Global
	GlobalSection(SolutionConfigurationPlatforms) = preSolution
		Debug|Any CPU = Debug|Any CPU
		Release|Any CPU = Release|Any CPU
	EndGlobalSection
	GlobalSection(ProjectConfigurationPlatforms) = postSolution
		{A10B8C03-3D34-4814-B4B6-AD25C8B991D1}.Debug|Any CPU.ActiveCfg = Debug|Any CPU
		{A10B8C03-3D34-4814-B4B6-AD25C8B991D1}.Debug|Any CPU.Build.0 = Debug|Any CPU
		{A10B8C03-3D34-4814-B4B6-AD25C8B991D1}.Release|Any CPU.ActiveCfg = Release|Any CPU
		{A10B8C03-3D34-4814-B4B6-AD25C8B991D1}.Release|Any CPU.Build.0 = Release|Any CPU
		{591BDA56-9185-A701-8067-16DBE14A089C}.Debug|Any CPU.ActiveCfg = Debug|Any CPU
		{591BDA56-9185-A701-8067-16DBE14A089C}.Debug|Any CPU.Build.0 = Debug|Any CPU
		{591BDA56-9185-A701-8067-16DBE14A089C}.Release|Any CPU.ActiveCfg = Release|Any CPU
		{591BDA56-9185-A701-8067-16DBE14A089C}.Release|Any CPU.Build.0 = Release|Any CPU
	EndGlobalSection
	GlobalSection(SolutionProperties) = preSolution
		HideSolutionNode = FALSE
	EndGlobalSection
	GlobalSection(ExtensibilityGlobals) = postSolution
		SolutionGuid = {7A5ADE34-3941-44E8-83EE-5A957CE4F914}
	EndGlobalSection
EndGlobal
